lockfileVersion: '9.0'

settings:
  autoInstallPeers: true
  excludeLinksFromLockfile: false

catalogs:
  default:
    '@vitejs/plugin-vue':
      specifier: ^6.0.7
      version: 6.0.7
    typescript:
      specifier: ^6.0.3
      version: 6.0.3
    vite:
      specifier: ^8.0.16
      version: 8.1.0
    vue:
      specifier: ^3.5.38
      version: 3.5.39

importers:

  .:
    devDependencies:
      typescript:
        specifier: 'catalog:'
        version: 6.0.3
      vite:
        specifier: 'catalog:'
        version: 8.1.0(esbuild@0.28.1)

  packages/app:
    dependencies:
      '@tauri-apps/api':
        specifier: ^2.11.0
        version: 2.11.1
      '@tauri-apps/plugin-dialog':
        specifier: ^2.7.1
        version: 2.7.1
      '@tauri-apps/plugin-log':
        specifier: ^2.8.0
        version: 2.8.0
      libheif-js:
        specifier: ^1.19.8
        version: 1.19.8
      vue:
        specifier: 'catalog:'
        version: 3.5.39(typescript@6.0.3)
    devDependencies:
      '@tauri-apps/cli':
        specifier: ^2.11.2
        version: 2.11.3
      '@vitejs/plugin-vue':
        specifier: 'catalog:'
        version: 6.0.7(vite@8.1.0(esbuild@0.28.1))(vue@3.5.39(typescript@6.0.3))
      typescript:
        specifier: 'catalog:'
        version: 6.0.3
      vite:
        specifier: 'catalog:'
        version: 8.1.0(esbuild@0.28.1)

packages:

  '@babel/helper-string-parser@7.29.7':
    resolution: {integrity: sha512-Pb5ijPrZ89GDH8223L4UP8i6QApWxs04RbPQJTeWDV0/keR2E36MeKnyr6LYmUUvqRRI+Iv87SuF1W6ErINzYw==}
    engines: {node: '>=6.9.0'}

  '@babel/helper-validator-identifier@7.29.7':
    resolution: {integrity: sha512-qehxGkRj55h/ff8EMaJ+cYhyaKlHIxqYDn682wQD7RNp9UujOQsHog2uS0r2vzr4pW+sXf90NeeayjcNaX3fFg==}
    engines: {node: '>=6.9.0'}

  '@babel/parser@7.29.7':
    resolution: {integrity: sha512-hnORnjP/1P/zFEndoeX+n+t1RwWRJiJpM/jO7FW32Kn9r5+sJB2JWOdYo4L6k78j15eCwY3Gm/7364B1EMwtNg==}
    engines: {node: '>=6.0.0'}
    hasBin: true

  '@babel/types@7.29.7':
    resolution: {integrity: sha512-4zBIxpPzowiZpusoFkyGVwakdRJUyuH5PxQ/PrqghfdFWWasvnCdPfQXHrenDai+gyLARulZjZowCOj6fjT4pA==}
    engines: {node: '>=6.9.0'}

  '@emnapi/core@1.11.1':
    resolution: {integrity: sha512-RSvbQmHzdKzNsLYa/wHrbc3KN4sYLKAdPZxqiM2HATqv/SBk2/ENSHpvXGaLOMcsAyz0poEGqkmmKYG3OWiJEQ==}

  '@emnapi/runtime@1.11.1':
    resolution: {integrity: sha512-vgj7R3y3Wgx24IQaGPA/R6YFXLHVMOZ0uVEyIQPaWs+rd1AzfEMXlAC22FYwO1XkKR6NPsq7mUandH8oIRdZFw==}

  '@emnapi/wasi-threads@1.2.2':
    resolution: {integrity: sha512-c95qOXkHdydNKhscBTebqEC1CVAZpyqOfVfBzQ1qgzyl3gfeldUjIggDbIZgDKsHLgnsM+igH7TJ/eAasaVuMA==}

  '@esbuild/aix-ppc64@0.28.1':
    resolution: {integrity: sha512-Svl7tq8k/08+p6CXPpRjQ1fKX+1odH/BQbb48fV6fj3CWHhsoIOoY87w1oHXm0qEpkIK3ZfVgp0hed3XBXzXMQ==}
    engines: {node: '>=18'}
    cpu: [ppc64]
    os: [aix]

  '@esbuild/android-arm64@0.28.1':
    resolution: {integrity: sha512-34EGEbCIAgosYz6goLcopX6Mo7NyGv9tfwEM2/7Ce2VcVRk568iSvniGWcUXIy7wEDR1wzolcxcriFVrWYcwBg==}
    engines: {node: '>=18'}
    cpu: [arm64]
    os: [android]

  '@esbuild/android-arm@0.28.1':
    resolution: {integrity: sha512-0k2F129Xdio1TdJfzJ8sy1Q47vUD2NnwdhiAf7drUN1EBTfPf4hsFCtmMgu/6m8JSzsBrlmVjudMBQqOfG8usQ==}
    engines: {node: '>=18'}
    cpu: [arm]
    os: [android]

  '@esbuild/android-x64@0.28.1':
    resolution: {integrity: sha512-dbwY7ltSMDWsRatcRpCnES4F+im88OCUgGZjy52shC7GqHRE/cYlxNbB4Z4UpJswpcc4Qxd2oE/ufM0p61IKng==}
    engines: {node: '>=18'}
    cpu: [x64]
    os: [android]

  '@esbuild/darwin-arm64@0.28.1':
    resolution: {integrity: sha512-TZbWkQY7kvTAXbXUT7uVACR5cMHsDiSz9z7ZKAX/RTq/WJEk3QyRr0wZpNhBDX+/0CtdqUIJlOiodQcta6tY3Q==}
    engines: {node: '>=18'}
    cpu: [arm64]
    os: [darwin]

  '@esbuild/darwin-x64@0.28.1':
    resolution: {integrity: sha512-zfdzgK9ACBNZLI/CyHTOx81SyNbM6YXn7rxSgX97VjyiPl9W1i4Ka4fgKECEoFCKGpvBj5qArWIGgQjOwkgskQ==}
    engines: {node: '>=18'}
    cpu: [x64]
    os: [darwin]

  '@esbuild/freebsd-arm64@0.28.1':
    resolution: {integrity: sha512-wG2EA8ENdEI0qhkSZMjfqrdY+ziCYCPMmtZjjIwOmXFjmyzEHn+UUxk5of+SYsjtfs3VpnlC7QLzSI5hY/rOAw==}
    engines: {node: '>=18'}
    cpu: [arm64]
    os: [freebsd]

  '@esbuild/freebsd-x64@0.28.1':
    resolution: {integrity: sha512-i7dZ9vQgnvSCzi/rYCXNgtF/U+eKZNJBzu3eTQbRgHnM7tNSizLOkRFAl3qzVc/Op/u5YkHHa4pf/3DOYHthLQ==}
    engines: {node: '>=18'}
    cpu: [x64]
    os: [freebsd]

  '@esbuild/linux-arm64@0.28.1':
    resolution: {integrity: sha512-yHs+0uc8+nvEAfAfxrWQKK5peSNzBc4PegcMO0EJ2hT71uA7vB8Ihg2e77R2P7SG5uYjPbHlLLmve4LLLRCf0g==}
    engines: {node: '>=18'}
    cpu: [arm64]
    os: [linux]

  '@esbuild/linux-arm@0.28.1':
    resolution: {integrity: sha512-qVXBOHQS+d5Y722GwJzJUtOLlX7km3CraOaGormF1pDtPd2C/l1SHRPgjLunLGe51Sh5YYWKMFDyV4SxgMQYTQ==}
    engines: {node: '>=18'}
    cpu: [arm]
    os: [linux]

  '@esbuild/linux-ia32@0.28.1':
    resolution: {integrity: sha512-d1z4ZuP0ajrfz/FhGT4vv278rX8KnPPJx8i5+AtK7TYbx9Le9F1hyzurZpkEyjkGa9dUGhQow4C1NmeGvqxN2w==}
    engines: {node: '>=18'}
    cpu: [ia32]
    os: [linux]

  '@esbuild/linux-loong64@0.28.1':
    resolution: {integrity: sha512-M5sRjUVZrkm1OAPR3dlOYzNmN+loZKGVi1VUQGrwuqLcbR6qeAz+famMhjASeH3YVKvZz+zT1jlh/keC3Rj/lg==}
    engines: {node: '>=18'}
    cpu: [loong64]
    os: [linux]

  '@esbuild/linux-mips64el@0.28.1':
    resolution: {integrity: sha512-mRObBZeHh2OxcBFPWE/FjylkRgZdYuiTR3vaTozquCGOH14iP9oN4x4Ge81CoIDYQrXmIxpFumJBu5MtZpnQJQ==}
    engines: {node: '>=18'}
    cpu: [mips64el]
    os: [linux]

  '@esbuild/linux-ppc64@0.28.1':
    resolution: {integrity: sha512-slScBsMAb3GFDcdrCgLwZtPYRoH2H/youv10QiZyRjmsP48fznoveWytSgCI/R0ZcUgpc0ZhIUEx6LHts8yrfQ==}
    engines: {node: '>=18'}
    cpu: [ppc64]
    os: [linux]

  '@esbuild/linux-riscv64@0.28.1':
    resolution: {integrity: sha512-kw0owk1o0GFETUJyW0jc0G4Yzs0BHZn0JDZ8JRT088vjJYX777BAs1fDGxAC+q831qOs2DTC96mNsG2opdfyyQ==}
    engines: {node: '>=18'}
    cpu: [riscv64]
    os: [linux]

  '@esbuild/linux-s390x@0.28.1':
    resolution: {integrity: sha512-/lAIjX8aYFRByhh6L5rYtPEDRqa9de/4V/juOXcta5frjvzXO4/sqEtyytse0g3zZFuWu5cDN0MkLz2qRDD2Ag==}
    engines: {node: '>=18'}
    cpu: [s390x]
    os: [linux]

  '@esbuild/linux-x64@0.28.1':
    resolution: {integrity: sha512-u/anNYF2mmVOEDwLtnQ1wOr3EZ9sTNGLWrsYGYwHWzGA3Si84IOkHXlbWTD1NB+9/1lcnweYKO54uhxZydNzfA==}
    engines: {node: '>=18'}
    cpu: [x64]
    os: [linux]

  '@esbuild/netbsd-arm64@0.28.1':
    resolution: {integrity: sha512-oks0DYbLwWMmaakTsCb+zL4E+aHRVLom9IJZOAthMQEPiQmydXHkziYEsGYRx0uNV/IjEKGAV941JzH02pflqw==}
    engines: {node: '>=18'}
    cpu: [arm64]
    os: [netbsd]

  '@esbuild/netbsd-x64@0.28.1':
    resolution: {integrity: sha512-aeL6lAnN89Hz43Mlh1G8ARasbuoYvSITDEx0tHh5b7jJnHcssqgjy9Yx430GDpmCa6OyrKoS0aNRjKundRizGg==}
    engines: {node: '>=18'}
    cpu: [x64]
    os: [netbsd]

  '@esbuild/openbsd-arm64@0.28.1':
    resolution: {integrity: sha512-MEFJe5C3R8pwXdZ5Y21oo6m7ePiS0d9pWucn99O/wvyJZChoIQKrQDxKrGeW8F5+T0okTHesAmDeiHDTIq0V/Q==}
    engines: {node: '>=18'}
    cpu: [arm64]
    os: [openbsd]

  '@esbuild/openbsd-x64@0.28.1':
    resolution: {integrity: sha512-i/ZLIOafE0Z8cI/XANJAixoJL/uRAoS2xOA3rb0xN+KK0K177cMAsQYkzHtBrtMXAKuAc7HGgcWiZ/sRC1Nxgw==}
    engines: {node: '>=18'}
    cpu: [x64]
    os: [openbsd]

  '@esbuild/openharmony-arm64@0.28.1':
    resolution: {integrity: sha512-ge+Z7EXFNt2BO1oAMsVpiQ8EwndV9i1xXerAeTIK7AtPs3bKFXQM7nlRxDSIUIMeueR1CNXxqztLzdNeReKBJg==}
    engines: {node: '>=18'}
    cpu: [arm64]
    os: [openharmony]

  '@esbuild/sunos-x64@0.28.1':
    resolution: {integrity: sha512-BEjgtECkL3vY+SaSQ6nzVfiALUeFxpawyp8Jmf5PtYhf1Ug40N1h/hxlhts+f1FvSvarEigdxS3BlSMI2PJLcQ==}
    engines: {node: '>=18'}
    cpu: [x64]
    os: [sunos]

  '@esbuild/win32-arm64@0.28.1':
    resolution: {integrity: sha512-lCv9eK/H6ZJWbE7bh2nw54CZ9M2nupBxJcTsdk/QQnWkdSjKGuxmmH8/GWrlT1eMmZfn4dGcCjRte397WqfQXA==}
    engines: {node: '>=18'}
    cpu: [arm64]
    os: [win32]

  '@esbuild/win32-ia32@0.28.1':
    resolution: {integrity: sha512-zvb/mB2bSCoJOpoCBgYKKpX6YM6mJBlBUVUtVj41DlZJVEB6/0CKlRYxP5wWl1C1ILiCoAU5wZZ4q1P3qeS6Eg==}
    engines: {node: '>=18'}
    cpu: [ia32]
    os: [win32]

  '@esbuild/win32-x64@0.28.1':
    resolution: {integrity: sha512-bm4Mowrv+GXMlpWX++EcXw/iLyd1o3+bJkC2DkWXYVvgZCqD/bSj9ctZeAMC3cIxgjRVR2Dufaiu4YPxr5gW1A==}
    engines: {node: '>=18'}
    cpu: [x64]
    os: [win32]

  '@jridgewell/sourcemap-codec@1.5.5':
    resolution: {integrity: sha512-cYQ9310grqxueWbl+WuIUIaiUaDcj7WOq5fVhEljNVgRfOUhY9fy2zTvfoqWsnebh8Sl70VScFbICvJnLKB0Og==}

  '@napi-rs/wasm-runtime@1.1.6':
    resolution: {integrity: sha512-ZLv/JdUfkvOy9eCnnBaGfiO+XimbjebAeO+MRQqD/B+FR1tnRN0tpKSJHRbE8sFfS6aqsXZ67TQjfwfsxULVbg==}
    peerDependencies:
      '@emnapi/core': ^1.7.1
      '@emnapi/runtime': ^1.7.1

  '@oxc-project/types@0.137.0':
    resolution: {integrity: sha512-WT+Gb24i8hmvo85AIv2oEYouEXkRlKAlT9WaCa3TfLgNCN+GhrJOGZuIlMouAh38Qe4QOx26eUOVsq70qXrywA==}

  '@rolldown/binding-android-arm64@1.1.3':
    resolution: {integrity: sha512-DT6Z3PhvioeHMvxo+xHc3KtqggrI7CCTXCmC2h/5zUlp5jVitv7XEy+9q5/7v8IolhlioawpMo8Kg0EEBy7J0g==}
    engines: {node: ^20.19.0 || >=22.12.0}
    cpu: [arm64]
    os: [android]

  '@rolldown/binding-darwin-arm64@1.1.3':
    resolution: {integrity: sha512-0NwgwsjM7LrsuVnXMK3koTpagBNOhloc/BNjKqZjv4V5zI5r13qx69uVhRx+o5Z0yy4Hzq+lpy7TAgUG/ocvrw==}
    engines: {node: ^20.19.0 || >=22.12.0}
    cpu: [arm64]
    os: [darwin]

  '@rolldown/binding-darwin-x64@1.1.3':
    resolution: {integrity: sha512-YtiBp4disu6V560loT6PjMdiRaWmVvDNrUunAalbiFx2ggeJwxdAsgZMcoGP17uyAsTwAj5V1niksxlHnVQ1Sw==}
    engines: {node: ^20.19.0 || >=22.12.0}
    cpu: [x64]
    os: [darwin]

  '@rolldown/binding-freebsd-x64@1.1.3':
    resolution: {integrity: sha512-yD3EkEdXk2LypPxnf/kSZHirarsI8gcPzc62SukhR9VJTyvV+F9Q/GxWNuCojc7sXyuVC4DxRGhdDK4X8VSsbw==}
    engines: {node: ^20.19.0 || >=22.12.0}
    cpu: [x64]
    os: [freebsd]

  '@rolldown/binding-linux-arm-gnueabihf@1.1.3':
    resolution: {integrity: sha512-c+8vieQbsD7HNAHKIA34w0GJ9FedFFuJGD+7E6vz7Q3uqAIugL5p45fhlsj4UaAsHpcmlqugBWMhA0/j7o0sIg==}
    engines: {node: ^20.19.0 || >=22.12.0}
    cpu: [arm]
    os: [linux]

  '@rolldown/binding-linux-arm64-gnu@1.1.3':
    resolution: {integrity: sha512-50jD0uUwLvur7Zz9LHz17kaAdTPjn5wN93hEgjvmYFRZwiR7ZJYovTd5ipyWJDAnXKvZ+wgc+/Ika6dwSF5OcA==}
    engines: {node: ^20.19.0 || >=22.12.0}
    cpu: [arm64]
    os: [linux]
    libc: [glibc]

  '@rolldown/binding-linux-arm64-musl@1.1.3':
    resolution: {integrity: sha512-BO9+oPL8K9poZJBfYPsXNtYjPE5uM3qeehT3aFcW4LITOl+iSqhp0abzjR2nWBUNjIZeKXjAEWBZ64WjNoHd6w==}
    engines: {node: ^20.19.0 || >=22.12.0}
    cpu: [arm64]
    os: [linux]
    libc: [musl]

  '@rolldown/binding-linux-ppc64-gnu@1.1.3':
    resolution: {integrity: sha512-f3VpLB1vQ0Eo6ecr/6cekLnvYMFF4YBFoVGkfkvPLq1bAkbAwHYQPZKoAmG6OJyTcxxoC+AvezGx/S1obNC0Mw==}
    engines: {node: ^20.19.0 || >=22.12.0}
    cpu: [ppc64]
    os: [linux]
    libc: [glibc]

  '@rolldown/binding-linux-s390x-gnu@1.1.3':
    resolution: {integrity: sha512-AmurZ26Pqx/RI9N1gzEOCklkKXl927yjfXWUUS0O7Puh8ARM/Ob8qfrD3qnWksScdw6cSrW5PSHE9DyLu7+PtA==}
    engines: {node: ^20.19.0 || >=22.12.0}
    cpu: [s390x]
    os: [linux]
    libc: [glibc]

  '@rolldown/binding-linux-x64-gnu@1.1.3':
    resolution: {integrity: sha512-JJpqs8bRGITDOdbkNKnlojzBabbOHrqjSvDr0IVsZObE1lBcPjxItUEY9eWIDbxaJ3cGrXPWGfGkIxFijg/URg==}
    engines: {node: ^20.19.0 || >=22.12.0}
    cpu: [x64]
    os: [linux]
    libc: [glibc]

  '@rolldown/binding-linux-x64-musl@1.1.3':
    resolution: {integrity: sha512-rSJcdjPxzA/by/6/rYs+v+bXU7UjvnbUWz8MJb6kh6+knqB1dCrtHg0uu7C/4haqJvqdkYHQ5IGn+tCH9GLW/g==}
    engines: {node: ^20.19.0 || >=22.12.0}
    cpu: [x64]
    os: [linux]
    libc: [musl]

  '@rolldown/binding-openharmony-arm64@1.1.3':
    resolution: {integrity: sha512-hQ3/PYkDJICgevvyNcVrihVeqq7k1Pp3VZ9lY+dauAYUJKO+auqApvANhvR1An9BhmqYKvW2Mu1F9u4DXSMLxQ==}
    engines: {node: ^20.19.0 || >=22.12.0}
    cpu: [arm64]
    os: [openharmony]

  '@rolldown/binding-wasm32-wasi@1.1.3':
    resolution: {integrity: sha512-Elcv/BtML9lXrV6JuKITc/grN2kYV9gjsQpW8Jfw4ioK0TOkjBjye0nnyqQNy9STNaI20lXNaQBRrD5gSgR0Yg==}
    engines: {node: ^20.19.0 || >=22.12.0}
    cpu: [wasm32]

  '@rolldown/binding-win32-arm64-msvc@1.1.3':
    resolution: {integrity: sha512-2DrEfhluH9yhiaFApmsjsjwrSYbNcY1oFTzYSP1a535jDbV98zCFanA/96TBUd0iDFcxGmw9QRExwGCXz3U+/g==}
    engines: {node: ^20.19.0 || >=22.12.0}
    cpu: [arm64]
    os: [win32]

  '@rolldown/binding-win32-x64-msvc@1.1.3':
    resolution: {integrity: sha512-OL4OMk7UPXOeVGGd3qo5zJyPIljf4AFgk5QAkPPS+OoLuOOozhuaQGC18MxVTnw/06q93gShAJzlwnSCY9YtqA==}
    engines: {node: ^20.19.0 || >=22.12.0}
    cpu: [x64]
    os: [win32]

  '@rolldown/pluginutils@1.0.1':
    resolution: {integrity: sha512-2j9bGt5Jh8hj+vPtgzPtl72j0yRxHAyumoo6TNfAjsLB04UtpSvPbPcDcBMxz7n+9CYB0c1GxQFxYRg2jimqGw==}

  '@tauri-apps/api@2.11.1':
    resolution: {integrity: sha512-M2FPuYND2m+wh5hfW9ZpSdxMPdEJovPBWwoHJmwUpysTYNHaOkVFN419m/K0LIgjb/7KU2vBgsUepJWugQCvAA==}

  '@tauri-apps/cli-darwin-arm64@2.11.3':
    resolution: {integrity: sha512-BxpaM8bsCoXs3wd4WKYhas/G1gs7+r7B+e4WnyRk2GEoVOouJB1hoL6E6YLXZDXbYci6VFdrNnobQwd2uVL4ew==}
    engines: {node: '>= 10'}
    cpu: [arm64]
    os: [darwin]

  '@tauri-apps/cli-darwin-x64@2.11.3':
    resolution: {integrity: sha512-DbZYuPB1ZEzcAHYeyCvo3ltzM27+aXwPloCrtexPnmgPgulYJm3TOq6aC4S+wPhSXteddg8zImtNkvx/gQzmwg==}
    engines: {node: '>= 10'}
    cpu: [x64]
    os: [darwin]

  '@tauri-apps/cli-linux-arm-gnueabihf@2.11.3':
    resolution: {integrity: sha512-741NduqBmz1XkdU8yz3OI/kBZtqHbvxo9F9ytIeWYU69/Ba9dcZEbqOU++Dp0G/XU8vAI0TfTywEl+p+BbLvaA==}
    engines: {node: '>= 10'}
    cpu: [arm]
    os: [linux]

  '@tauri-apps/cli-linux-arm64-gnu@2.11.3':
    resolution: {integrity: sha512-RWAXT8pTqIczXcoic+LXlo6uEbAXGB0cgh6Pg7Y9xVnEbzryQ1JHtRGj9SxzrKSemBIDBH6Qc24kK2G69i8ofA==}
    engines: {node: '>= 10'}
    cpu: [arm64]
    os: [linux]
    libc: [glibc]

  '@tauri-apps/cli-linux-arm64-musl@2.11.3':
    resolution: {integrity: sha512-qomqYS+yAkd0gXMRmhguWXc7RfVN+XKKXaEwbf5QmKURwydLFOTldd6F8/WoZDSsBMrV8dpNxz0YneGLmobiSA==}
    engines: {node: '>= 10'}
    cpu: [arm64]
    os: [linux]
    libc: [musl]

  '@tauri-apps/cli-linux-riscv64-gnu@2.11.3':
    resolution: {integrity: sha512-jOCXbDqeDj5XcclsOBAaXjtTgwZCVg8zEZ+dbPUCoADOgljFgL0rOkYTc96vUYgOrYEfuHYihWMxIDGaD6GwJw==}
    engines: {node: '>= 10'}
    cpu: [riscv64]
    os: [linux]
    libc: [glibc]

  '@tauri-apps/cli-linux-x64-gnu@2.11.3':
    resolution: {integrity: sha512-+u3HO/F3gHwL48t9gWN/urqZvpaEJzBFmTaq5eSIhvy8TOvnhb+LgJr3Q3BG+5JxuBrCUjqtOEz6gMttdJFSBA==}
    engines: {node: '>= 10'}
    cpu: [x64]
    os: [linux]
    libc: [glibc]

  '@tauri-apps/cli-linux-x64-musl@2.11.3':
    resolution: {integrity: sha512-spr5Jpr6KF/vehkLwJ0YmdGv8QwpWU+uw7J8bgijO0sox6ZCYsSNMbcsQjTqPi4xl+p0woIYpWXgChgHYpAc8g==}
    engines: {node: '>= 10'}
    cpu: [x64]
    os: [linux]
    libc: [musl]

  '@tauri-apps/cli-win32-arm64-msvc@2.11.3':
    resolution: {integrity: sha512-abkoRQih5xBa3vz2spWaex0kP/MzVzVPQHom2f8jnCq46R/luOD6Uy85EMU9/bfzf6ZzdorWJsgO+OMX90Fx2w==}
    engines: {node: '>= 10'}
    cpu: [arm64]
    os: [win32]

  '@tauri-apps/cli-win32-ia32-msvc@2.11.3':
    resolution: {integrity: sha512-Vy6AvzFm1G40hg3r+OYDB3jkuu7R4wnMzbQBKuun9v6Cgg8IierpLL7toMzrZKs/8NlG8Sg4x1iLFR52oknyHg==}
    engines: {node: '>= 10'}
    cpu: [ia32]
    os: [win32]

  '@tauri-apps/cli-win32-x64-msvc@2.11.3':
    resolution: {integrity: sha512-GlciF75GdbseajOyib2aCHwE3BXIqZ1liGKWLFRvCdN5wm8h8hFssEVKQ/6E+2jsMLg9v7LCTb983YFnn0QSww==}
    engines: {node: '>= 10'}
    cpu: [x64]
    os: [win32]

  '@tauri-apps/cli@2.11.3':
    resolution: {integrity: sha512-EElQe8z8uD7Pi5++tJ/UfEwWuK08rd3oCDYdeIbJAb6pZRrxlqmoF5gh5H5YvzmUPhS4IRCaLSsQhvWkrfK+GQ==}
    engines: {node: '>= 10'}
    hasBin: true

  '@tauri-apps/plugin-dialog@2.7.1':
    resolution: {integrity: sha512-OK1UBXYt+ojcmxMktzzuyonYIFta8CmAASpX+CA+DTGK24KlHjhYI6x2iOJ/TjZF4N7/ACK1oFmEOjIY9IhzOQ==}

  '@tauri-apps/plugin-log@2.8.0':
    resolution: {integrity: sha512-a+7rOq3MJwpTOLLKbL8d0qGZ85hgHw5pNOWusA9o3cf7cEgtYHiGY/+O8fj8MvywQIGqFv0da2bYQDlrqLE7rw==}

  '@tybys/wasm-util@0.10.3':
    resolution: {integrity: sha512-F3fo1MYrRJYL3zER0OUOmkutjr1Vp23m7OsSgp7nq4SP6OqX6C/56XFIPAl5bt3zaBRjmW7SGz3u/6LwFpYcOg==}

  '@vitejs/plugin-vue@6.0.7':
    resolution: {integrity: sha512-km+p+XdSz9Sxm5rqUbqcSfZYaAniKxWBj1KURl+Jr7UaPvvX7BmaWMdP69I5rrFDeQGyxAG7NXdc57vz+snhWg==}
    engines: {node: ^20.19.0 || >=22.12.0}
    peerDependencies:
      vite: ^5.0.0 || ^6.0.0 || ^7.0.0 || ^8.0.0
      vue: ^3.2.25

  '@vue/compiler-core@3.5.39':
    resolution: {integrity: sha512-16KBTEXAJCpDr0mwlw+AZyhu8iyC7R3S2vBwsI7QnWJU6X3WKc9VKeNEZpiMdZ569qWhz9574L3vV55qRL0Vtw==}

  '@vue/compiler-dom@3.5.39':
    resolution: {integrity: sha512-oQPigALqYbNxTNPvNgSOe+czwVExfbVF02lz8jP0S3AXJiu3jxYDygNUiqSep4ezzW8XgnubqH63My2A7JR/vg==}

  '@vue/compiler-sfc@3.5.39':
    resolution: {integrity: sha512-d0ki86iOyN8LoZPBmk5SJWNwHP19CnDDCfuo//+2WJa2g5Ke0Jay983PIBIcSSzldC68I8DrD5GrHV3OSDfodg==}

  '@vue/compiler-ssr@3.5.39':
    resolution: {integrity: sha512-Ce7/wvwMHai74bdszfXExdazFigYnlF9zgCmEQUcM1j0fOymlouZ7XilTYNo8oUjhlnjYOZbGrcYKuqjz89Ucw==}

  '@vue/reactivity@3.5.39':
    resolution: {integrity: sha512-TpsuBJ9gGlZa5d23XcM2y8EXanz9dZeVDQBXRwzy46ItgvM+rWpzs+UVM0wcRLxGvcav0HE5jz2gNL53xlRAog==}

  '@vue/runtime-core@3.5.39':
    resolution: {integrity: sha512-9GLtNyRvPAUMbX+7ono0RC2j0guo2LXVi8LvcmAooImACUKm0oFf0jjwbX8/H0AE/t1nxhAkn8RSl9PMCzzxZw==}

  '@vue/runtime-dom@3.5.39':
    resolution: {integrity: sha512-7Y6aAGboKcXAZ3ECuUy7RrS5yy2r47dhTp2SKaJmYxjopImaVFaNa5Ne66NwGovsrxVAl5S5rwc7m22UG7Lmww==}

  '@vue/server-renderer@3.5.39':
    resolution: {integrity: sha512-yZSakiAGw85rZfG7UM8akMnIF+FmeiNk47uvHf2nVBBSe+dIKUhZuZq9+XgJhbV3nS5Z4ALH23/MpXofW+mbcw==}
    peerDependencies:
      vue: 3.5.39

  '@vue/shared@3.5.39':
    resolution: {integrity: sha512-l1rrBtBfTnmxvtsvdQDXltUUy8S1Y+ZaqdfUzmAnJkTd8Z8rv5v/ytW+TKiqEOWyHPoqtPlNFSs0lhRmYVSHVA==}

  csstype@3.2.3:
    resolution: {integrity: sha512-z1HGKcYy2xA8AGQfwrn0PAy+PB7X/GSj3UVJW9qKyn43xWa+gl5nXmU4qqLMRzWVLFC8KusUX8T/0kCiOYpAIQ==}

  detect-libc@2.1.2:
    resolution: {integrity: sha512-Btj2BOOO83o3WyH59e8MgXsxEQVcarkUOpEYrubB0urwnN10yQ364rsiByU11nZlqWYZm05i/of7io4mzihBtQ==}
    engines: {node: '>=8'}

  entities@7.0.1:
    resolution: {integrity: sha512-TWrgLOFUQTH994YUyl1yT4uyavY5nNB5muff+RtWaqNVCAK408b5ZnnbNAUEWLTCpum9w6arT70i1XdQ4UeOPA==}
    engines: {node: '>=0.12'}

  esbuild@0.28.1:
    resolution: {integrity: sha512-HrJrvZv5ayxBzPfwphOoNzkzOIIlifzk0KJrGK2c8R4+LKpMtpYLQeUdjnwjWv/LZlkH2laZk+4w78pi99D4Vw==}
    engines: {node: '>=18'}
    hasBin: true

  estree-walker@2.0.2:
    resolution: {integrity: sha512-Rfkk/Mp/DL7JVje3u18FxFujQlTNR2q6QfMSMB7AvCBx91NGj/ba3kCfza0f6dVDbw7YlRf/nDrn7pQrCCyQ/w==}

  fdir@6.5.0:
    resolution: {integrity: sha512-tIbYtZbucOs0BRGqPJkshJUYdL+SDH7dVM8gjy+ERp3WAUjLEFJE+02kanyHtwjWOnwrKYBiwAmM0p4kLJAnXg==}
    engines: {node: '>=12.0.0'}
    peerDependencies:
      picomatch: ^3 || ^4
    peerDependenciesMeta:
      picomatch:
        optional: true

  fsevents@2.3.3:
    resolution: {integrity: sha512-5xoDfX+fL7faATnagmWPpbFtwh/R77WmMMqqHGS65C3vvB0YHrgF+B1YmZ3441tMj5n63k0212XNoJwzlhffQw==}
    engines: {node: ^8.16.0 || ^10.6.0 || >=11.0.0}
    os: [darwin]

  libheif-js@1.19.8:
    resolution: {integrity: sha512-vQJWusIxO7wavpON1dusciL8Go9jsIQ+EUrckauFYAiSTjcmLAsuJh3SszLpvkwPci3JcL41ek2n+LUZGFpPIQ==}
    engines: {node: '>=8.0.0'}

  lightningcss-android-arm64@1.32.0:
    resolution: {integrity: sha512-YK7/ClTt4kAK0vo6w3X+Pnm0D2cf2vPHbhOXdoNti1Ga0al1P4TBZhwjATvjNwLEBCnKvjJc2jQgHXH0NEwlAg==}
    engines: {node: '>= 12.0.0'}
    cpu: [arm64]
    os: [android]

  lightningcss-darwin-arm64@1.32.0:
    resolution: {integrity: sha512-RzeG9Ju5bag2Bv1/lwlVJvBE3q6TtXskdZLLCyfg5pt+HLz9BqlICO7LZM7VHNTTn/5PRhHFBSjk5lc4cmscPQ==}
    engines: {node: '>= 12.0.0'}
    cpu: [arm64]
    os: [darwin]

  lightningcss-darwin-x64@1.32.0:
    resolution: {integrity: sha512-U+QsBp2m/s2wqpUYT/6wnlagdZbtZdndSmut/NJqlCcMLTWp5muCrID+K5UJ6jqD2BFshejCYXniPDbNh73V8w==}
    engines: {node: '>= 12.0.0'}
    cpu: [x64]
    os: [darwin]

  lightningcss-freebsd-x64@1.32.0:
    resolution: {integrity: sha512-JCTigedEksZk3tHTTthnMdVfGf61Fky8Ji2E4YjUTEQX14xiy/lTzXnu1vwiZe3bYe0q+SpsSH/CTeDXK6WHig==}
    engines: {node: '>= 12.0.0'}
    cpu: [x64]
    os: [freebsd]

  lightningcss-linux-arm-gnueabihf@1.32.0:
    resolution: {integrity: sha512-x6rnnpRa2GL0zQOkt6rts3YDPzduLpWvwAF6EMhXFVZXD4tPrBkEFqzGowzCsIWsPjqSK+tyNEODUBXeeVHSkw==}
    engines: {node: '>= 12.0.0'}
    cpu: [arm]
    os: [linux]

  lightningcss-linux-arm64-gnu@1.32.0:
    resolution: {integrity: sha512-0nnMyoyOLRJXfbMOilaSRcLH3Jw5z9HDNGfT/gwCPgaDjnx0i8w7vBzFLFR1f6CMLKF8gVbebmkUN3fa/kQJpQ==}
    engines: {node: '>= 12.0.0'}
    cpu: [arm64]
    os: [linux]
    libc: [glibc]

  lightningcss-linux-arm64-musl@1.32.0:
    resolution: {integrity: sha512-UpQkoenr4UJEzgVIYpI80lDFvRmPVg6oqboNHfoH4CQIfNA+HOrZ7Mo7KZP02dC6LjghPQJeBsvXhJod/wnIBg==}
    engines: {node: '>= 12.0.0'}
    cpu: [arm64]
    os: [linux]
    libc: [musl]

  lightningcss-linux-x64-gnu@1.32.0:
    resolution: {integrity: sha512-V7Qr52IhZmdKPVr+Vtw8o+WLsQJYCTd8loIfpDaMRWGUZfBOYEJeyJIkqGIDMZPwPx24pUMfwSxxI8phr/MbOA==}
    engines: {node: '>= 12.0.0'}
    cpu: [x64]
    os: [linux]
    libc: [glibc]

  lightningcss-linux-x64-musl@1.32.0:
    resolution: {integrity: sha512-bYcLp+Vb0awsiXg/80uCRezCYHNg1/l3mt0gzHnWV9XP1W5sKa5/TCdGWaR/zBM2PeF/HbsQv/j2URNOiVuxWg==}
    engines: {node: '>= 12.0.0'}
    cpu: [x64]
    os: [linux]
    libc: [musl]

  lightningcss-win32-arm64-msvc@1.32.0:
    resolution: {integrity: sha512-8SbC8BR40pS6baCM8sbtYDSwEVQd4JlFTOlaD3gWGHfThTcABnNDBda6eTZeqbofalIJhFx0qKzgHJmcPTnGdw==}
    engines: {node: '>= 12.0.0'}
    cpu: [arm64]
    os: [win32]

  lightningcss-win32-x64-msvc@1.32.0:
    resolution: {integrity: sha512-Amq9B/SoZYdDi1kFrojnoqPLxYhQ4Wo5XiL8EVJrVsB8ARoC1PWW6VGtT0WKCemjy8aC+louJnjS7U18x3b06Q==}
    engines: {node: '>= 12.0.0'}
    cpu: [x64]
    os: [win32]

  lightningcss@1.32.0:
    resolution: {integrity: sha512-NXYBzinNrblfraPGyrbPoD19C1h9lfI/1mzgWYvXUTe414Gz/X1FD2XBZSZM7rRTrMA8JL3OtAaGifrIKhQ5yQ==}
    engines: {node: '>= 12.0.0'}

  magic-string@0.30.21:
    resolution: {integrity: sha512-vd2F4YUyEXKGcLHoq+TEyCjxueSeHnFxyyjNp80yg0XV4vUhnDer/lvvlqM/arB5bXQN5K2/3oinyCRyx8T2CQ==}

  nanoid@3.3.15:
    resolution: {integrity: sha512-y7Wygv/7mEOvxTuEQDB8StXdMRBWf1kR/tlhAzBRUFkB2jfcLOAxO/SHmOO2zgz1pVgK29/kyupn059/bCHdjA==}
    engines: {node: ^10 || ^12 || ^13.7 || ^14 || >=15.0.1}
    hasBin: true

  picocolors@1.1.1:
    resolution: {integrity: sha512-xceH2snhtb5M9liqDsmEw56le376mTZkEX/jEb/RxNFyegNul7eNslCXP9FDj/Lcu0X8KEyMceP2ntpaHrDEVA==}

  picomatch@4.0.4:
    resolution: {integrity: sha512-QP88BAKvMam/3NxH6vj2o21R6MjxZUAd6nlwAS/pnGvN9IVLocLHxGYIzFhg6fUQ+5th6P4dv4eW9jX3DSIj7A==}
    engines: {node: '>=12'}

  postcss@8.5.15:
    resolution: {integrity: sha512-FfR8sjd4em2T6fb3I2MwAJU7HWVMr9zba+enmQeeWFfCbm+UOC/0X4DS8XtpUTMwWMGbjKYP7xjfNekzyGmB3A==}
    engines: {node: ^10 || ^12 || >=14}

  rolldown@1.1.3:
    resolution: {integrity: sha512-1F1eEtUBtFvcGm1HQ9TiUIUHPQG7mSAODrhIzjxoUEFuo8OcbrGLiVLkevNgj84TE4lnHvnumwFjhJO5Eu135g==}
    engines: {node: ^20.19.0 || >=22.12.0}
    hasBin: true

  source-map-js@1.2.1:
    resolution: {integrity: sha512-UXWMKhLOwVKb728IUtQPXxfYU+usdybtUrK/8uGE8CQMvrhOpwvzDBwj0QhSL7MQc7vIsISBG8VQ8+IDQxpfQA==}
    engines: {node: '>=0.10.0'}

  tinyglobby@0.2.17:
    resolution: {integrity: sha512-wXR/dYpcqKmfWpEdZjiKJOwCNFndD0DMnrW/cYjVGttEkBfVgcLFHoNrlj47mjOVic9yyNu65alsgF4NQyTa2g==}
    engines: {node: '>=12.0.0'}

  tslib@2.8.1:
    resolution: {integrity: sha512-oJFu94HQb+KVduSUQL7wnpmqnfmLsOA/nAh6b6EH0wCEoK0/mPeXU6c3wKDV83MkOuHPRHtSXKKU99IBazS/2w==}

  typescript@6.0.3:
    resolution: {integrity: sha512-y2TvuxSZPDyQakkFRPZHKFm+KKVqIisdg9/CZwm9ftvKXLP8NRWj38/ODjNbr43SsoXqNuAisEf1GdCxqWcdBw==}
    engines: {node: '>=14.17'}
    hasBin: true

  vite@8.1.0:
    resolution: {integrity: sha512-BuJcQK/56NQTWDGn4ABea3q4SSBdNPWwNZKTkkUpcMPnLoquSYH8llRtSUIgoL1KSCpHt5eghLShn50mH36y7Q==}
    engines: {node: ^20.19.0 || >=22.12.0}
    hasBin: true
    peerDependencies:
      '@types/node': ^20.19.0 || >=22.12.0
      '@vitejs/devtools': ^0.3.0
      esbuild: ^0.27.0 || ^0.28.0
      jiti: '>=1.21.0'
      less: ^4.0.0
      sass: ^1.70.0
      sass-embedded: ^1.70.0
      stylus: '>=0.54.8'
      sugarss: ^5.0.0
      terser: ^5.16.0
      tsx: ^4.8.1
      yaml: ^2.4.2
    peerDependenciesMeta:
      '@types/node':
        optional: true
      '@vitejs/devtools':
        optional: true
      esbuild:
        optional: true
      jiti:
        optional: true
      less:
        optional: true
      sass:
        optional: true
      sass-embedded:
        optional: true
      stylus:
        optional: true
      sugarss:
        optional: true
      terser:
        optional: true
      tsx:
        optional: true
      yaml:
        optional: true

  vue@3.5.39:
    resolution: {integrity: sha512-xmZCYabFGcirU8r0fTuvl/LICc1OU620rnqepaJDL/a141ZigkG7AyaxQLdqJ02ZRYzWe6YPaDHeQx7MfknQfA==}
    peerDependencies:
      typescript: '*'
    peerDependenciesMeta:
      typescript:
        optional: true

snapshots:

  '@babel/helper-string-parser@7.29.7': {}

  '@babel/helper-validator-identifier@7.29.7': {}

  '@babel/parser@7.29.7':
    dependencies:
      '@babel/types': 7.29.7

  '@babel/types@7.29.7':
    dependencies:
      '@babel/helper-string-parser': 7.29.7
      '@babel/helper-validator-identifier': 7.29.7

  '@emnapi/core@1.11.1':
    dependencies:
      '@emnapi/wasi-threads': 1.2.2
      tslib: 2.8.1
    optional: true

  '@emnapi/runtime@1.11.1':
    dependencies:
      tslib: 2.8.1
    optional: true

  '@emnapi/wasi-threads@1.2.2':
    dependencies:
      tslib: 2.8.1
    optional: true

  '@esbuild/aix-ppc64@0.28.1':
    optional: true

  '@esbuild/android-arm64@0.28.1':
    optional: true

  '@esbuild/android-arm@0.28.1':
    optional: true

  '@esbuild/android-x64@0.28.1':
    optional: true

  '@esbuild/darwin-arm64@0.28.1':
    optional: true

  '@esbuild/darwin-x64@0.28.1':
    optional: true

  '@esbuild/freebsd-arm64@0.28.1':
    optional: true

  '@esbuild/freebsd-x64@0.28.1':
    optional: true

  '@esbuild/linux-arm64@0.28.1':
    optional: true

  '@esbuild/linux-arm@0.28.1':
    optional: true

  '@esbuild/linux-ia32@0.28.1':
    optional: true

  '@esbuild/linux-loong64@0.28.1':
    optional: true

  '@esbuild/linux-mips64el@0.28.1':
    optional: true

  '@esbuild/linux-ppc64@0.28.1':
    optional: true

  '@esbuild/linux-riscv64@0.28.1':
    optional: true

  '@esbuild/linux-s390x@0.28.1':
    optional: true

  '@esbuild/linux-x64@0.28.1':
    optional: true

  '@esbuild/netbsd-arm64@0.28.1':
    optional: true

  '@esbuild/netbsd-x64@0.28.1':
    optional: true

  '@esbuild/openbsd-arm64@0.28.1':
    optional: true

  '@esbuild/openbsd-x64@0.28.1':
    optional: true

  '@esbuild/openharmony-arm64@0.28.1':
    optional: true

  '@esbuild/sunos-x64@0.28.1':
    optional: true

  '@esbuild/win32-arm64@0.28.1':
    optional: true

  '@esbuild/win32-ia32@0.28.1':
    optional: true

  '@esbuild/win32-x64@0.28.1':
    optional: true

  '@jridgewell/sourcemap-codec@1.5.5': {}

  '@napi-rs/wasm-runtime@1.1.6(@emnapi/core@1.11.1)(@emnapi/runtime@1.11.1)':
    dependencies:
      '@emnapi/core': 1.11.1
      '@emnapi/runtime': 1.11.1
      '@tybys/wasm-util': 0.10.3
    optional: true

  '@oxc-project/types@0.137.0': {}

  '@rolldown/binding-android-arm64@1.1.3':
    optional: true

  '@rolldown/binding-darwin-arm64@1.1.3':
    optional: true

  '@rolldown/binding-darwin-x64@1.1.3':
    optional: true

  '@rolldown/binding-freebsd-x64@1.1.3':
    optional: true

  '@rolldown/binding-linux-arm-gnueabihf@1.1.3':
    optional: true

  '@rolldown/binding-linux-arm64-gnu@1.1.3':
    optional: true

  '@rolldown/binding-linux-arm64-musl@1.1.3':
    optional: true

  '@rolldown/binding-linux-ppc64-gnu@1.1.3':
    optional: true

  '@rolldown/binding-linux-s390x-gnu@1.1.3':
    optional: true

  '@rolldown/binding-linux-x64-gnu@1.1.3':
    optional: true

  '@rolldown/binding-linux-x64-musl@1.1.3':
    optional: true

  '@rolldown/binding-openharmony-arm64@1.1.3':
    optional: true

  '@rolldown/binding-wasm32-wasi@1.1.3':
    dependencies:
      '@emnapi/core': 1.11.1
      '@emnapi/runtime': 1.11.1
      '@napi-rs/wasm-runtime': 1.1.6(@emnapi/core@1.11.1)(@emnapi/runtime@1.11.1)
    optional: true

  '@rolldown/binding-win32-arm64-msvc@1.1.3':
    optional: true

  '@rolldown/binding-win32-x64-msvc@1.1.3':
    optional: true

  '@rolldown/pluginutils@1.0.1': {}

  '@tauri-apps/api@2.11.1': {}

  '@tauri-apps/cli-darwin-arm64@2.11.3':
    optional: true

  '@tauri-apps/cli-darwin-x64@2.11.3':
    optional: true

  '@tauri-apps/cli-linux-arm-gnueabihf@2.11.3':
    optional: true

  '@tauri-apps/cli-linux-arm64-gnu@2.11.3':
    optional: true

  '@tauri-apps/cli-linux-arm64-musl@2.11.3':
    optional: true

  '@tauri-apps/cli-linux-riscv64-gnu@2.11.3':
    optional: true

  '@tauri-apps/cli-linux-x64-gnu@2.11.3':
    optional: true

  '@tauri-apps/cli-linux-x64-musl@2.11.3':
    optional: true

  '@tauri-apps/cli-win32-arm64-msvc@2.11.3':
    optional: true

  '@tauri-apps/cli-win32-ia32-msvc@2.11.3':
    optional: true

  '@tauri-apps/cli-win32-x64-msvc@2.11.3':
    optional: true

  '@tauri-apps/cli@2.11.3':
    optionalDependencies:
      '@tauri-apps/cli-darwin-arm64': 2.11.3
      '@tauri-apps/cli-darwin-x64': 2.11.3
      '@tauri-apps/cli-linux-arm-gnueabihf': 2.11.3
      '@tauri-apps/cli-linux-arm64-gnu': 2.11.3
      '@tauri-apps/cli-linux-arm64-musl': 2.11.3
      '@tauri-apps/cli-linux-riscv64-gnu': 2.11.3
      '@tauri-apps/cli-linux-x64-gnu': 2.11.3
      '@tauri-apps/cli-linux-x64-musl': 2.11.3
      '@tauri-apps/cli-win32-arm64-msvc': 2.11.3
      '@tauri-apps/cli-win32-ia32-msvc': 2.11.3
      '@tauri-apps/cli-win32-x64-msvc': 2.11.3

  '@tauri-apps/plugin-dialog@2.7.1':
    dependencies:
      '@tauri-apps/api': 2.11.1

  '@tauri-apps/plugin-log@2.8.0':
    dependencies:
      '@tauri-apps/api': 2.11.1

  '@tybys/wasm-util@0.10.3':
    dependencies:
      tslib: 2.8.1
    optional: true

  '@vitejs/plugin-vue@6.0.7(vite@8.1.0(esbuild@0.28.1))(vue@3.5.39(typescript@6.0.3))':
    dependencies:
      '@rolldown/pluginutils': 1.0.1
      vite: 8.1.0(esbuild@0.28.1)
      vue: 3.5.39(typescript@6.0.3)

  '@vue/compiler-core@3.5.39':
    dependencies:
      '@babel/parser': 7.29.7
      '@vue/shared': 3.5.39
      entities: 7.0.1
      estree-walker: 2.0.2
      source-map-js: 1.2.1

  '@vue/compiler-dom@3.5.39':
    dependencies:
      '@vue/compiler-core': 3.5.39
      '@vue/shared': 3.5.39

  '@vue/compiler-sfc@3.5.39':
    dependencies:
      '@babel/parser': 7.29.7
      '@vue/compiler-core': 3.5.39
      '@vue/compiler-dom': 3.5.39
      '@vue/compiler-ssr': 3.5.39
      '@vue/shared': 3.5.39
      estree-walker: 2.0.2
      magic-string: 0.30.21
      postcss: 8.5.15
      source-map-js: 1.2.1

  '@vue/compiler-ssr@3.5.39':
    dependencies:
      '@vue/compiler-dom': 3.5.39
      '@vue/shared': 3.5.39

  '@vue/reactivity@3.5.39':
    dependencies:
      '@vue/shared': 3.5.39

  '@vue/runtime-core@3.5.39':
    dependencies:
      '@vue/reactivity': 3.5.39
      '@vue/shared': 3.5.39

  '@vue/runtime-dom@3.5.39':
    dependencies:
      '@vue/reactivity': 3.5.39
      '@vue/runtime-core': 3.5.39
      '@vue/shared': 3.5.39
      csstype: 3.2.3

  '@vue/server-renderer@3.5.39(vue@3.5.39(typescript@6.0.3))':
    dependencies:
      '@vue/compiler-ssr': 3.5.39
      '@vue/shared': 3.5.39
      vue: 3.5.39(typescript@6.0.3)

  '@vue/shared@3.5.39': {}

  csstype@3.2.3: {}

  detect-libc@2.1.2: {}

  entities@7.0.1: {}

  esbuild@0.28.1:
    optionalDependencies:
      '@esbuild/aix-ppc64': 0.28.1
      '@esbuild/android-arm': 0.28.1
      '@esbuild/android-arm64': 0.28.1
      '@esbuild/android-x64': 0.28.1
      '@esbuild/darwin-arm64': 0.28.1
      '@esbuild/darwin-x64': 0.28.1
      '@esbuild/freebsd-arm64': 0.28.1
      '@esbuild/freebsd-x64': 0.28.1
      '@esbuild/linux-arm': 0.28.1
      '@esbuild/linux-arm64': 0.28.1
      '@esbuild/linux-ia32': 0.28.1
      '@esbuild/linux-loong64': 0.28.1
      '@esbuild/linux-mips64el': 0.28.1
      '@esbuild/linux-ppc64': 0.28.1
      '@esbuild/linux-riscv64': 0.28.1
      '@esbuild/linux-s390x': 0.28.1
      '@esbuild/linux-x64': 0.28.1
      '@esbuild/netbsd-arm64': 0.28.1
      '@esbuild/netbsd-x64': 0.28.1
      '@esbuild/openbsd-arm64': 0.28.1
      '@esbuild/openbsd-x64': 0.28.1
      '@esbuild/openharmony-arm64': 0.28.1
      '@esbuild/sunos-x64': 0.28.1
      '@esbuild/win32-arm64': 0.28.1
      '@esbuild/win32-ia32': 0.28.1
      '@esbuild/win32-x64': 0.28.1
    optional: true

  estree-walker@2.0.2: {}

  fdir@6.5.0(picomatch@4.0.4):
    optionalDependencies:
      picomatch: 4.0.4

  fsevents@2.3.3:
    optional: true

  libheif-js@1.19.8: {}

  lightningcss-android-arm64@1.32.0:
    optional: true

  lightningcss-darwin-arm64@1.32.0:
    optional: true

  lightningcss-darwin-x64@1.32.0:
    optional: true

  lightningcss-freebsd-x64@1.32.0:
    optional: true

  lightningcss-linux-arm-gnueabihf@1.32.0:
    optional: true

  lightningcss-linux-arm64-gnu@1.32.0:
    optional: true

  lightningcss-linux-arm64-musl@1.32.0:
    optional: true

  lightningcss-linux-x64-gnu@1.32.0:
    optional: true

  lightningcss-linux-x64-musl@1.32.0:
    optional: true

  lightningcss-win32-arm64-msvc@1.32.0:
    optional: true

  lightningcss-win32-x64-msvc@1.32.0:
    optional: true

  lightningcss@1.32.0:
    dependencies:
      detect-libc: 2.1.2
    optionalDependencies:
      lightningcss-android-arm64: 1.32.0
      lightningcss-darwin-arm64: 1.32.0
      lightningcss-darwin-x64: 1.32.0
      lightningcss-freebsd-x64: 1.32.0
      lightningcss-linux-arm-gnueabihf: 1.32.0
      lightningcss-linux-arm64-gnu: 1.32.0
      lightningcss-linux-arm64-musl: 1.32.0
      lightningcss-linux-x64-gnu: 1.32.0
      lightningcss-linux-x64-musl: 1.32.0
      lightningcss-win32-arm64-msvc: 1.32.0
      lightningcss-win32-x64-msvc: 1.32.0

  magic-string@0.30.21:
    dependencies:
      '@jridgewell/sourcemap-codec': 1.5.5

  nanoid@3.3.15: {}

  picocolors@1.1.1: {}

  picomatch@4.0.4: {}

  postcss@8.5.15:
    dependencies:
      nanoid: 3.3.15
      picocolors: 1.1.1
      source-map-js: 1.2.1

  rolldown@1.1.3:
    dependencies:
      '@oxc-project/types': 0.137.0
      '@rolldown/pluginutils': 1.0.1
    optionalDependencies:
      '@rolldown/binding-android-arm64': 1.1.3
      '@rolldown/binding-darwin-arm64': 1.1.3
      '@rolldown/binding-darwin-x64': 1.1.3
      '@rolldown/binding-freebsd-x64': 1.1.3
      '@rolldown/binding-linux-arm-gnueabihf': 1.1.3
      '@rolldown/binding-linux-arm64-gnu': 1.1.3
      '@rolldown/binding-linux-arm64-musl': 1.1.3
      '@rolldown/binding-linux-ppc64-gnu': 1.1.3
      '@rolldown/binding-linux-s390x-gnu': 1.1.3
      '@rolldown/binding-linux-x64-gnu': 1.1.3
      '@rolldown/binding-linux-x64-musl': 1.1.3
      '@rolldown/binding-openharmony-arm64': 1.1.3
      '@rolldown/binding-wasm32-wasi': 1.1.3
      '@rolldown/binding-win32-arm64-msvc': 1.1.3
      '@rolldown/binding-win32-x64-msvc': 1.1.3

  source-map-js@1.2.1: {}

  tinyglobby@0.2.17:
    dependencies:
      fdir: 6.5.0(picomatch@4.0.4)
      picomatch: 4.0.4

  tslib@2.8.1:
    optional: true

  typescript@6.0.3: {}

  vite@8.1.0(esbuild@0.28.1):
    dependencies:
      lightningcss: 1.32.0
      picomatch: 4.0.4
      postcss: 8.5.15
      rolldown: 1.1.3
      tinyglobby: 0.2.17
    optionalDependencies:
      esbuild: 0.28.1
      fsevents: 2.3.3

  vue@3.5.39(typescript@6.0.3):
    dependencies:
      '@vue/compiler-dom': 3.5.39
      '@vue/compiler-sfc': 3.5.39
      '@vue/runtime-dom': 3.5.39
      '@vue/server-renderer': 3.5.39(vue@3.5.39(typescript@6.0.3))
      '@vue/shared': 3.5.39
    optionalDependencies:
      typescript: 6.0.3
